github.com/andybalholm/brotli v1.0.5 h1:8uQZIdzKmjc/iuPu7O2ioW48L81FgatrcpfFmiq/cCs=
github.com/andybalholm/brotli v1.0.5/go.mod h1:fO7iG3H7G2nSZ7m0zPUDn85XEX2GTukHGRSepvi9Eig=
github.com/aws/aws-sdk-go-v2 v1.20.0 h1:INUDpYLt4oiPOJl0XwZDK2OVAVf0Rzo+MGVTv9f+gy8=
github.com/aws/aws-sdk-go-v2 v1.20.0/go.mod h1:uWOr0m0jDsiWw8nnXiqZ+YG6LdvAlGYDLLf2NmHZoy4=
github.com/aws/aws-sdk-go-v2/aws/protocol/eventstream v1.4.11 h1:/MS8AzqYNAhhRNalOmxUvYs8VEbNGifTnzhPFdcRQkQ=
github.com/aws/aws-sdk-go-v2/aws/protocol/eventstream v1.4.11/go.mod h1:va22++AdXht4ccO3kH2SHkHHYvZ2G9Utz+CXKmm2CaU=
github.com/aws/aws-sdk-go-v2/config v1.18.32 h1:tqEOvkbTxwEV7hToRcJ1xZRjcATqwDVsWbAscgRKyNI=
github.com/aws/aws-sdk-go-v2/config v1.18.32/go.mod h1:U3ZF0fQRRA4gnbn9GGvOWLoT2EzzZfAWeKwnVrm1rDc=
github.com/aws/aws-sdk-go-v2/credentials v1.13.31 h1:vJyON3lG7R8VOErpJJBclBADiWTwzcwdkQpTKx8D2sk=
github.com/aws/aws-sdk-go-v2/credentials v1.13.31/go.mod h1:T4sESjBtY2lNxLgkIASmeP57b5j7hTQqCbqG0tWnxC4=
github.com/aws/aws-sdk-go-v2/feature/ec2/imds v1.13.7 h1:X3H6+SU21x+76LRglk21dFRgMTJMa5QcpW+SqUf5BBg=
github.com/aws/aws-sdk-go-v2/feature/ec2/imds v1.13.7/go.mod h1:3we0V09SwcJBzNlnyovrR2wWJhWmVdqAsmVs4uronv8=
github.com/aws/aws-sdk-go-v2/feature/s3/manager v1.11.76 h1:DJ1kHj0GI9BbX+XhF0kHxlzOVjcncmDUXmCvXdbfdAE=
github.com/aws/aws-sdk-go-v2/feature/s3/manager v1.11.76/go.mod h1:/AZCdswMSgwpB2yMSFfY5H4pVeBLnCuPehdmO/r3xSM=
github.com/aws/aws-sdk-go-v2/internal/configsources v1.1.37 h1:zr/gxAZkMcvP71ZhQOcvdm8ReLjFgIXnIn0fw5AM7mo=
github.com/aws/aws-sdk-go-v2/internal/configsources v1.1.37/go.mod h1:Pdn4j43v49Kk6+82spO3Tu5gSeQXRsxo56ePPQAvFiA=
github.com/aws/aws-sdk-go-v2/internal/endpoints/v2 v2.4.31 h1:0HCMIkAkVY9KMgueD8tf4bRTUanzEYvhw7KkPXIMpO0=
github.com/aws/aws-sdk-go-v2/internal/endpoints/v2 v2.4.31/go.mod h1:fTJDMe8LOFYtqiFFFeHA+SVMAwqLhoq0kcInYoLa9Js=
github.com/aws/aws-sdk-go-v2/internal/ini v1.3.38 h1:+i1DOFrW3YZ3apE45tCal9+aDKK6kNEbW6Ib7e1nFxE=
github.com/aws/aws-sdk-go-v2/internal/ini v1.3.38/go.mod h1:1/jLp0OgOaWIetycOmycW+vYTYgTZFPttJQRgsI1PoU=
github.com/aws/aws-sdk-go-v2/internal/v4a v1.1.0 h1:U5yySdwt2HPo/pnQec04DImLzWORbeWML1fJiLkKruI=
github.com/aws/aws-sdk-go-v2/internal/v4a v1.1.0/go.mod h1:EhC/83j8/hL/UB1WmExo3gkElaja/KlmZM/gl1rTfjM=
github.com/aws/aws-sdk-go-v2/service/internal/accept-encoding v1.9.12 h1:uAiiHnWihGP2rVp64fHwzLDrswGjEjsPszwRYMiYQPU=
github.com/aws/aws-sdk-go-v2/service/internal/accept-encoding v1.9.12/go.mod h1:fUTHpOXqRQpXvEpDPSa3zxCc2fnpW6YnBoba+eQr+Bg=
github.com/aws/aws-sdk-go-v2/service/internal/checksum v1.1.32 h1:kvN1jPHr9UffqqG3bSgZ8tx4+1zKVHz/Ktw/BwW6hX8=
github.com/aws/aws-sdk-go-v2/service/internal/checksum v1.1.32/go.mod h1:QmMEM7es84EUkbYWcpnkx8i5EW2uERPfrTFeOch128Y=
github.com/aws/aws-sdk-go-v2/service/internal/presigned-url v1.9.31 h1:auGDJ0aLZahF5SPvkJ6WcUuX7iQ7kyl2MamV7Tm8QBk=
github.com/aws/aws-sdk-go-v2/service/internal/presigned-url v1.9.31/go.mod h1:3+lloe3sZuBQw1aBc5MyndvodzQlyqCZ7x1QPDHaWP4=
github.com/aws/aws-sdk-go-v2/service/internal/s3shared v1.15.0 h1:Wgjft9X4W5pMeuqgPCHIQtbZ87wsgom7S5F8obreg+c=
github.com/aws/aws-sdk-go-v2/service/internal/s3shared v1.15.0/go.mod h1:FWNzS4+zcWAP05IF7TDYTY1ysZAzIvogxWaDT9p8fsA=
github.com/aws/aws-sdk-go-v2/service/s3 v1.38.1 h1:mTgFVlfQT8gikc5+/HwD8UL9jnUro5MGv8n/VEYF12I=
github.com/aws/aws-sdk-go-v2/service/s3 v1.38.1/go.mod h1:6SOWLiobcZZshbmECRTADIRYliPL0etqFSigauQEeT0=
github.com/aws/aws-sdk-go-v2/service/sso v1.13.1 h1:DSNpSbfEgFXRV+IfEcKE5kTbqxm+MeF5WgyeRlsLnHY=
github.com/aws/aws-sdk-go-v2/service/sso v1.13.1/go.mod h1:TC9BubuFMVScIU+TLKamO6VZiYTkYoEHqlSQwAe2omw=
github.com/aws/aws-sdk-go-v2/service/ssooidc v1.15.1 h1:hd0SKLMdOL/Sl6Z0np1PX9LeH2gqNtBe0MhTedA8MGI=
github.com/aws/aws-sdk-go-v2/service/ssooidc v1.15.1/go.mod h1:XO/VcyoQ8nKyKfFW/3DMsRQXsfh/052tHTWmg3xBXRg=
github.com/aws/aws-sdk-go-v2/service/sts v1.21.1 h1:pAOJj+80tC8sPVgSDHzMYD6KLWsaLQ1kZw31PTeORbs=
github.com/aws/aws-sdk-go-v2/service/sts v1.21.1/go.mod h1:G8SbvL0rFk4WOJroU8tKBczhsbhj2p/YY7qeJezJ3CI=
github.com/aws/smithy-go v1.14.0 h1:+X90sB94fizKjDmwb4vyl2cTTPXTE5E2G/1mjByb0io=
github.com/aws/smithy-go v1.14.0/go.mod h1:Tg+OJXh4MB2R/uN61Ko2f6hTZwB/ZYGOtib8J3gBHzA=
github.com/cpuguy83/go-md2man/v2 v2.0.2 h1:p1EgwI/C7NhT0JmVkwCD2ZBK8j4aeHQX2pMHHBfMQ6w=
github.com/cpuguy83/go-md2man/v2 v2.0.2/go.mod h1:tgQtvFlXSQOSOSIRvRPT7W67SCa46tRHOmNcaadrF8o=
github.com/davecgh/go-spew v1.1.0/go.mod h1:J7Y8YcW2NihsgmVo/mv3lAwl/skON4iLHjSsI+c5H38=
github.com/davecgh/go-spew v1.1.1 h1:vj9j/u1bqnvCEfJOwUhtlOARqs3+rkHYY13jYWTU97c=
github.com/davecgh/go-spew v1.1.1/go.mod h1:J7Y8YcW2NihsgmVo/mv3lAwl/skON4iLHjSsI+c5H38=
github.com/gofiber/fiber/v2 v2.48.0 h1:cRVMCb9aUJDsyHxGFLwz/sGzDggdailZZyptU9F9cU0=
github.com/gofiber/fiber/v2 v2.48.0/go.mod h1:xqJgfqrc23FJuqGOW6DVgi3HyZEm2Mn9pRqUb2kHSX8=
github.com/golang/protobuf v1.5.0/go.mod h1:FsONVRAS9T7sI+LIUmWTfcYkHO4aIWwzhcaSAoJOfIk=
github.com/golang/protobuf v1.5.3 h1:KhyjKVUg7Usr/dYsdSqoFveMYd5ko72D+zANwlG1mmg=
github.com/golang/protobuf v1.5.3/go.mod h1:XVQd3VNwM+JqD3oG2Ue2ip4fOMUkwXdXDdiuN0vRsmY=
github.com/google/go-cmp v0.5.5/go.mod h1:v8dTdLbMG2kIc/vJvl+f65V22dbkXbowE6jgT/gNBxE=
github.com/google/go-cmp v0.5.8 h1:e6P7q2lk1O+qJJb4BtCQXlK8vWEO8V1ZeuEdJNOqZyg=
github.com/google/go-cmp v0.5.8/go.mod h1:17dUlkBOakJ0+DkrSSNjCkIjxS6bF9zb3elmeNGIjoY=
github.com/google/uuid v1.3.1 h1:KjJaJ9iWZ3jOFZIf1Lqf4laDRCasjl0BCmnEGxkdLb4=
github.com/google/uuid v1.3.1/go.mod h1:TIyPZe4MgqvfeYDBFedMoGGpEw/LqOeaOT+nhxU+yHo=
github.com/jmespath/go-jmespath v0.4.0 h1:BEgLn5cpjn8UN1mAw4NjwDrS35OdebyEtFe+9YPoQUg=
github.com/jmespath/go-jmespath v0.4.0/go.mod h1:T8mJZnbsbmF+m6zOOFylbeCJqk5+pHWvzYPziyZiYoo=
github.com/jmespath/go-jmespath/internal/testify v1.5.1 h1:shLQSRRSCCPj3f2gpwzGwWFoC7ycTf1rcQZHOlsJ6N8=
github.com/jmespath/go-jmespath/internal/testify v1.5.1/go.mod h1:L3OGu8Wl2/fWfCI6z80xFu9LTZmf1ZRjMHUOPmWr69U=
github.com/klauspost/compress v1.15.9/go.mod h1:PhcZ0MbTNciWF3rruxRgKxI5NkcHHrHUDtV4Yw2GlzU=
github.com/klauspost/compress v1.16.7 h1:2mk3MPGNzKyxErAw8YaohYh69+pa4sIQSC0fPGCFR9I=
github.com/klauspost/compress v1.16.7/go.mod h1:ntbaceVETuRiXiv4DpjP66DpAtAGkEQskQzEyD//IeE=
github.com/mattn/go-colorable v0.1.13 h1:fFA4WZxdEF4tXPZVKMLwD8oUnCTTo08duU7wxecdEvA=
github.com/mattn/go-colorable v0.1.13/go.mod h1:7S9/ev0klgBDR4GtXTXX8a3vIGJpMovkB8vQcUbaXHg=
github.com/mattn/go-isatty v0.0.16/go.mod h1:kYGgaQfpe5nmfYZH+SKPsOc2e4SrIfOl2e/yFXSvRLM=
github.com/mattn/go-isatty v0.0.19 h1:JITubQf0MOLdlGRuRq+jtsDlekdYPia9ZFsB8h/APPA=
github.com/mattn/go-isatty v0.0.19/go.mod h1:W+V8PltTTMOvKvAeJH7IuucS94S2C6jfK/D7dTCTo3Y=
github.com/mattn/go-runewidth v0.0.15 h1:UNAjwbU9l54TA3KzvqLGxwWjHmMgBUVhBiTjelZgg3U=
github.com/mattn/go-runewidth v0.0.15/go.mod h1:Jdepj2loyihRzMpdS35Xk/zdY8IAYHsh153qUoGf23w=
github.com/minio/highwayhash v1.0.2 h1:Aak5U0nElisjDCfPSG79Tgzkn2gl66NxOMspRrKnA/g=
github.com/nats-io/jwt/v2 v2.4.1 h1:Y35W1dgbbz2SQUYDPCaclXcuqleVmpbRa7646Jf2EX4=
github.com/nats-io/nats-server/v2 v2.9.20 h1:bt1dW6xsL1hWWwv7Hovm+EJt5L6iplyqlgEFkoEUk0k=
github.com/nats-io/nats-server/v2 v2.9.20/go.mod h1:aTb/xtLCGKhfTFLxP591CMWfkdgBmcUUSkiSOe5A3gw=
github.com/nats-io/nats.go v1.28.0 h1:Th4G6zdsz2d0OqXdfzKLClo6bOfoI/b1kInhRtFIy5c=
github.com/nats-io/nats.go v1.28.0/go.mod h1:XpbWUlOElGwTYbMR7imivs7jJj9GtK7ypv321Wp6pjc=
github.com/nats-io/nkeys v0.4.4 h1:xvBJ8d69TznjcQl9t6//Q5xXuVhyYiSos6RPtvQNTwA=
github.com/nats-io/nkeys v0.4.4/go.mod h1:XUkxdLPTufzlihbamfzQ7mw/VGx6ObUs+0bN5sNvt64=
github.com/nats-io/nuid v1.0.1 h1:5iA8DT8V7q8WK2EScv2padNa/rTESc1KdnPw4TC2paw=
github.com/nats-io/nuid v1.0.1/go.mod h1:19wcPz3Ph3q0Jbyiqsd0kePYG7A95tJPxeL+1OSON2c=
github.com/pierrec/lz4/v4 v4.1.15/go.mod h1:gZWDp/Ze/IJXGXf23ltt2EXimqmTUXEy0GFuRQyBid4=
github.com/pierrec/lz4/v4 v4.1.18 h1:xaKrnTkyoqfh1YItXl56+6KJNVYWlEEPuAQW9xsplYQ=
github.com/pierrec/lz4/v4 v4.1.18/go.mod h1:gZWDp/Ze/IJXGXf23ltt2EXimqmTUXEy0GFuRQyBid4=
github.com/pkg/xattr v0.4.9 h1:5883YPCtkSd8LFbs13nXplj9g9tlrwoJRjgpgMu1/fE=
github.com/pkg/xattr v0.4.9/go.mod h1:di8WF84zAKk8jzR1UBTEWh9AUlIZZ7M/JNt8e9B6ktU=
github.com/pmezard/go-difflib v1.0.0 h1:4DBwDE0NGyQoBHbLQYPwSUPoCMWR5BEzIk/f1lZbAQM=
github.com/pmezard/go-difflib v1.0.0/go.mod h1:iKH77koFhYxTK1pcRnkKkqfTogsbg7gZNVY4sRDYZ/4=
github.com/rivo/uniseg v0.2.0/go.mod h1:J6wj4VEh+S6ZtnVlnTBMWIodfgj8LQOQFoIToxlJtxc=
github.com/rivo/uniseg v0.4.4 h1:8TfxU8dW6PdqD27gjM8MVNuicgxIjxpm4K7x4jp8sis=
github.com/rivo/uniseg v0.4.4/go.mod h1:FN3SvrM+Zdj16jyLfmOkMNblXMcoc8DfTHruCPUcx88=
github.com/russross/blackfriday/v2 v2.1.0 h1:JIOH55/0cWyOuilr9/qlrm0BSXldqnqwMsf35Ld67mk=
github.com/russross/blackfriday/v2 v2.1.0/go.mod h1:+Rmxgy9KzJVeS9/2gXHxylqXiyQDYRxCVz55jmeOWTM=
github.com/segmentio/kafka-go v0.4.42 h1:qffhBZCz4WcWyNuHEclHjIMLs2slp6mZO8px+5W5tfU=
github.com/segmentio/kafka-go v0.4.42/go.mod h1:d0g15xPMqoUookug0OU75DhGZxXwCFxSLeJ4uphwJzg=
github.com/stretchr/objx v0.1.0/go.mod h1:HFkY916IF+rwdDfMAkV7OtwuqBVzrE8GR6GFx+wExME=
github.com/stretchr/objx v0.4.0/go.mod h1:YvHI0jy2hoMjB+UWwv71VJQ9isScKT/TqJzVSSt89Yw=
github.com/stretchr/objx v0.5.0/go.mod h1:Yh+to48EsGEfYuaHDzXPcE3xhTkx73EhmCGUpEOglKo=
github.com/stretchr/testify v1.7.1/go.mod h1:6Fq8oRcR53rry900zMqJjRRixrwX3KX962/h/Wwjteg=
github.com/stretchr/testify v1.8.0/go.mod h1:yNjHg4UonilssWZ8iaSj1OCr/vHnekPRkoO+kdMU+MU=
github.com/stretchr/testify v1.8.1 h1:w7B6lhMri9wdJUVmEZPGGhZzrYTPvgJArz7wNPgYKsk=
github.com/stretchr/testify v1.8.1/go.mod h1:w2LPCIKwWwSfY2zedu0+kehJoqGctiVI29o6fzry7u4=
github.com/urfave/cli/v2 v2.25.7 h1:VAzn5oq403l5pHjc4OhD54+XGO9cdKVL/7lDjF+iKUs=
github.com/urfave/cli/v2 v2.25.7/go.mod h1:8qnjx1vcq5s2/wpsqoZFndg2CE5tNFyrTvS6SinrnYQ=
github.com/valyala/bytebufferpool v1.0.0 h1:GqA5TC/0021Y/b9FG4Oi9Mr3q7XYx6KllzawFIhcdPw=
github.com/valyala/bytebufferpool v1.0.0/go.mod h1:6bBcMArwyJ5K/AmCkWv1jt77kVWyCJ6HpOuEn7z0Csc=
github.com/valyala/fasthttp v1.48.0 h1:oJWvHb9BIZToTQS3MuQ2R3bJZiNSa2KiNdeI8A+79Tc=
github.com/valyala/fasthttp v1.48.0/go.mod h1:k2zXd82h/7UZc3VOdJ2WaUqt1uZ/XpXAfE9i+HBC3lA=
github.com/valyala/tcplisten v1.0.0 h1:rBHj/Xf+E1tRGZyWIWwJDiRY0zc1Js+CV5DqwacVSA8=
github.com/valyala/tcplisten v1.0.0/go.mod h1:T0xQ8SeCZGxckz9qRXTfG43PvQ/mcWh7FwZEA7Ioqkc=
github.com/versity/scoutfs-go v0.0.0-20230606232754-0474b14343b9 h1:ZfmQR01Kk6/kQh6+zlqfBYszVY02fzf9xYrchOY4NFM=
github.com/versity/scoutfs-go v0.0.0-20230606232754-0474b14343b9/go.mod h1:gJsq73k+4685y+rbDIpPY8i/5GbsiwP6JFoFyUDB1fQ=
github.com/xdg-go/pbkdf2 v1.0.0 h1:Su7DPu48wXMwC3bs7MCNG+z4FhcyEuz5dlvchbq0B0c=
github.com/xdg-go/pbkdf2 v1.0.0/go.mod h1:jrpuAogTd400dnrH08LKmI/xc1MbPOebTwRqcT5RDeI=
github.com/xdg-go/scram v1.1.2 h1:FHX5I5B4i4hKRVRBCFRxq1iQRej7WO3hhBuJf+UUySY=
github.com/xdg-go/scram v1.1.2/go.mod h1:RT/sEzTbU5y00aCK8UOx6R7YryM0iF1N2MOmC3kKLN4=
github.com/xdg-go/stringprep v1.0.4 h1:XLI/Ng3O1Atzq0oBs3TWm+5ZVgkq2aqdlvP9JtoZ6c8=
github.com/xdg-go/stringprep v1.0.4/go.mod h1:mPGuuIYwz7CmR2bT9j4GbQqutWS1zV24gijq1dTyGkM=
github.com/xrash/smetrics v0.0.0-20201216005158-039620a65673 h1:bAn7/zixMGCfxrRTfdpNzjtPYqr8smhKouy9mxVdGPU=
github.com/xrash/smetrics v0.0.0-20201216005158-039620a65673/go.mod h1:N3UwUGtsrSj3ccvlPHLoLsHnpR27oXr4ZE984MbSER8=
github.com/yuin/goldmark v1.4.13/go.mod h1:6yULJ656Px+3vBD8DxQVa3kxgyrAnzto9xy5taEt/CY=
golang.org/x/crypto v0.0.0-20190308221718-c2843e01d9a2/go.mod h1:djNgcEr1/C05ACkg1iLfiJU5Ep61QUkGW8qpdssI0+w=
golang.org/x/crypto v0.0.0-20210921155107-089bfa567519/go.mod h1:GvvjBRRGRdwPK5ydBHafDWAxML/pGHZbMvKqRZ5+Abc=
golang.org/x/crypto v0.11.0 h1:6Ewdq3tDic1mg5xRO4milcWCfMVQhI4NkqWWvqejpuA=
golang.org/x/crypto v0.11.0/go.mod h1:xgJhtzW8F9jGdVFWZESrid1U1bjeNy4zgy5cRr/CIio=
golang.org/x/mod v0.6.0-dev.0.20220419223038-86c51ed26bb4/go.mod h1:jJ57K6gSWd91VN4djpZkiMVwK6gcyfeH4XE8wZrZaV4=
golang.org/x/net v0.0.0-20190620200207-3b0461eec859/go.mod h1:z5CRVTTTmAJ677TzLLGU+0bjPO0LkuOLi4/5GtJWs/s=
golang.org/x/net v0.0.0-20210226172049-e18ecbb05110/go.mod h1:m0MpNAwzfU5UDzcl9v0D8zg8gWTRqZa9RBIspLL5mdg=
golang.org/x/net v0.0.0-20220722155237-a158d28d115b/go.mod h1:XRhObCWvk6IyKnWLug+ECip1KBveYUHfp+8e9klMJ9c=
golang.org/x/net v0.7.0/go.mod h1:2Tu9+aMcznHK/AK1HMvgo6xiTLG5rD5rZLDS+rp2Bjs=
golang.org/x/net v0.10.0 h1:X2//UzNDwYmtCLn7To6G58Wr6f5ahEAQgKNzv9Y951M=
golang.org/x/sync v0.0.0-20190423024810-112230192c58/go.mod h1:RxMgew5VJxzue5/jJTE5uejpjVlOe/izrB70Jof72aM=
golang.org/x/sync v0.0.0-20220722155255-886fb9371eb4/go.mod h1:RxMgew5VJxzue5/jJTE5uejpjVlOe/izrB70Jof72aM=
golang.org/x/sys v0.0.0-20190215142949-d0b11bdaac8a/go.mod h1:STP8DvDyc/dI5b8T5hshtkjS+E42TnysNCUPdjciGhY=
golang.org/x/sys v0.0.0-20201119102817-f84b799fce68/go.mod h1:h1NjWce9XRLGQEsW7wpKNCjG9DtNlClVuFLEZdDNbEs=
golang.org/x/sys v0.0.0-20210615035016-665e8c7367d1/go.mod h1:oPkhp1MJrh7nUepCBck5+mAzfO9JrbApNNgaTdGDITg=
golang.org/x/sys v0.0.0-20220408201424-a24fb2fb8a0f/go.mod h1:oPkhp1MJrh7nUepCBck5+mAzfO9JrbApNNgaTdGDITg=
golang.org/x/sys v0.0.0-20220520151302-bc2c85ada10a/go.mod h1:oPkhp1MJrh7nUepCBck5+mAzfO9JrbApNNgaTdGDITg=
golang.org/x/sys v0.0.0-20220722155257-8c9f86f7a55f/go.mod h1:oPkhp1MJrh7nUepCBck5+mAzfO9JrbApNNgaTdGDITg=
golang.org/x/sys v0.0.0-20220811171246-fbc7d0a398ab/go.mod h1:oPkhp1MJrh7nUepCBck5+mAzfO9JrbApNNgaTdGDITg=
golang.org/x/sys v0.5.0/go.mod h1:oPkhp1MJrh7nUepCBck5+mAzfO9JrbApNNgaTdGDITg=
golang.org/x/sys v0.6.0/go.mod h1:oPkhp1MJrh7nUepCBck5+mAzfO9JrbApNNgaTdGDITg=
golang.org/x/sys v0.10.0 h1:SqMFp9UcQJZa+pmYuAKjd9xq1f0j5rLcDIk0mj4qAsA=
golang.org/x/sys v0.10.0/go.mod h1:oPkhp1MJrh7nUepCBck5+mAzfO9JrbApNNgaTdGDITg=
golang.org/x/term v0.0.0-20201126162022-7de9c90e9dd1/go.mod h1:bj7SfCRtBDWHUb9snDiAeCFNEtKQo2Wmx5Cou7ajbmo=
golang.org/x/term v0.0.0-20210927222741-03fcf44c2211/go.mod h1:jbD1KX2456YbFQfuXm/mYQcufACuNUgVhRMnK/tPxf8=
golang.org/x/term v0.5.0/go.mod h1:jMB1sMXY+tzblOD4FWmEbocvup2/aLOaQEp7JmGp78k=
golang.org/x/text v0.3.0/go.mod h1:NqM8EUOU14njkJ3fqMW+pc6Ldnwhi/IjpwHt7yyuwOQ=
golang.org/x/text v0.3.3/go.mod h1:5Zoc/QRtKVWzQhOtBMvqHzDpF6irO9z98xDceosuGiQ=
golang.org/x/text v0.3.7/go.mod h1:u+2+/6zg+i71rQMx5EYifcz6MCKuco9NR6JIITiCfzQ=
golang.org/x/text v0.3.8/go.mod h1:E6s5w1FMmriuDzIBO73fBruAKo1PCIq6d2Q6DHfQ8WQ=
golang.org/x/text v0.7.0/go.mod h1:mrYo+phRRbMaCq/xk9113O4dZlRixOauAjOtrjsXDZ8=
golang.org/x/text v0.11.0 h1:LAntKIrcmeSKERyiOh0XMV39LXS8IE9UL2yP7+f5ij4=
golang.org/x/time v0.3.0 h1:rg5rLMjNzMS1RkNLzCG38eapWhnYLFYXDXj2gOlr8j4=
golang.org/x/tools v0.0.0-20180917221912-90fa682c2a6e/go.mod h1:n7NCudcB/nEzxVGmLbDWY5pfWTLqBcC2KZ6jyYvM4mQ=
golang.org/x/tools v0.0.0-20191119224855-298f0cb1881e/go.mod h1:b+2E5dAYhXwXZwtnZ6UAqBI28+e2cm9otk0dWdXHAEo=
golang.org/x/tools v0.1.12/go.mod h1:hNGJHUnrk76NpqgfD5Aqm5Crs+Hm0VOH/i9J2+nxYbc=
golang.org/x/xerrors v0.0.0-20190717185122-a985d3407aa7/go.mod h1:I/5z698sn9Ka8TeJc9MKroUUfqBBauWjQqLJ2OPfmY0=
golang.org/x/xerrors v0.0.0-20191204190536-9bdfabe68543/go.mod h1:I/5z698sn9Ka8TeJc9MKroUUfqBBauWjQqLJ2OPfmY0=
google.golang.org/protobuf v1.26.0-rc.1/go.mod h1:jlhhOSvTdKEhbULTjvd4ARK9grFBp09yW+WbY/TyQbw=
google.golang.org/protobuf v1.26.0/go.mod h1:9q0QmTI4eRPtz6boOQmLYwt+qCgq0jsYwAQnmE0givc=
google.golang.org/protobuf v1.31.0 h1:g0LDEJHgrBl9N9r17Ru3sqWhkIx2NB67okBHPwC7hs8=
google.golang.org/protobuf v1.31.0/go.mod h1:HV8QOd/L58Z+nl8r43ehVNZIU/HEI6OcFqwMG9pJV4I=
gopkg.in/check.v1 v0.0.0-20161208181325-20d25e280405/go.mod h1:Co6ibVJAznAaIkqp8huTwlJQCZ016jof/cbN4VW5Yz0=
gopkg.in/yaml.v2 v2.2.8 h1:obN1ZagJSUGI0Ek/LBmuj4SNLPfIny3KsKFopxRdj10=
gopkg.in/yaml.v2 v2.2.8/go.mod h1:hI93XBmqTisBFMUTm0b8Fm+jr3Dg1NNxqwp+5A1VGuI=
gopkg.in/yaml.v3 v3.0.0-20200313102051-9f266ea9e77c/go.mod h1:K4uyk7z7BCEPqu6E+C64Yfv1cQ7kz7rIZviUmN+EgEM=
gopkg.in/yaml.v3 v3.0.1 h1:fxVm/GzAzEWqLHuvctI91KS9hhNmmWOoWu0XTYJS7CA=
gopkg.in/yaml.v3 v3.0.1/go.mod h1:K4uyk7z7BCEPqu6E+C64Yfv1cQ7kz7rIZviUmN+EgEM=
